// !$*UTF8*$!
{
	archiveVersion = 1;
	classes = {
	};
	objectVersion = 48;
	objects = {

/* Begin PBXBuildFile section */
		94296CCB1FC0893300A9CF2F /* AppDelegate.m in Sources */ = {isa = PBXBuildFile; fileRef = 94296CCA1FC0893300A9CF2F /* AppDelegate.m */; };
		94296CCE1FC0893300A9CF2F /* ViewController.m in Sources */ = {isa = PBXBuildFile; fileRef = 94296CCD1FC0893300A9CF2F /* ViewController.m */; };
		94296CD11FC0893300A9CF2F /* Main.storyboard in Resources */ = {isa = PBXBuildFile; fileRef = 94296CCF1FC0893300A9CF2F /* Main.storyboard */; };
		94296CD31FC0893300A9CF2F /* Assets.xcassets in Resources */ = {isa = PBXBuildFile; fileRef = 94296CD21FC0893300A9CF2F /* Assets.xcassets */; };
		94296CD61FC0893300A9CF2F /* LaunchScreen.storyboard in Resources */ = {isa = PBXBuildFile; fileRef = 94296CD41FC0893300A9CF2F /* LaunchScreen.storyboard */; };
		94296CD91FC0893300A9CF2F /* main.m in Sources */ = {isa = PBXBuildFile; fileRef = 94296CD81FC0893300A9CF2F /* main.m */; };
		94296CE41FC0899200A9CF2F /* VDSImageViewerAnimations.m in Sources */ = {isa = PBXBuildFile; fileRef = 94296CE11FC0899200A9CF2F /* VDSImageViewerAnimations.m */; };
		94296CE51FC0899200A9CF2F /* VDSContentViewController.m in Sources */ = {isa = PBXBuildFile; fileRef = 94296CE21FC0899200A9CF2F /* VDSContentViewController.m */; };
		94296CE81FC08AC800A9CF2F /* DemoTableViewCell.m in Sources */ = {isa = PBXBuildFile; fileRef = 94296CE71FC08AC800A9CF2F /* DemoTableViewCell.m */; };
/* End PBXBuildFile section */

/* Begin PBXFileReference section */
		94296CC61FC0893300A9CF2F /* VDSImageViewer.app */ = {isa = PBXFileReference; explicitFileType = wrapper.application; includeInIndex = 0; path = VDSImageViewer.app; sourceTree = BUILT_PRODUCTS_DIR; };
		94296CC91FC0893300A9CF2F /* AppDelegate.h */ = {isa = PBXFileReference; lastKnownFileType = sourcecode.c.h; path = AppDelegate.h; sourceTree = "<group>"; };
		94296CCA1FC0893300A9CF2F /* AppDelegate.m */ = {isa = PBXFileReference; lastKnownFileType = sourcecode.c.objc; path = AppDelegate.m; sourceTree = "<group>"; };
		94296CCC1FC0893300A9CF2F /* ViewController.h */ = {isa = PBXFileReference; lastKnownFileType = sourcecode.c.h; path = ViewController.h; sourceTree = "<group>"; };
		94296CCD1FC0893300A9CF2F /* ViewController.m */ = {isa = PBXFileReference; lastKnownFileType = sourcecode.c.objc; path = ViewController.m; sourceTree = "<group>"; };
		94296CD01FC0893300A9CF2F /* Base */ = {isa = PBXFileReference; lastKnownFileType = file.storyboard; name = Base; path = Base.lproj/Main.storyboard; sourceTree = "<group>"; };
		94296CD21FC0893300A9CF2F /* Assets.xcassets */ = {isa = PBXFileReference; lastKnownFileType = folder.assetcatalog; path = Assets.xcassets; sourceTree = "<group>"; };
		94296CD51FC0893300A9CF2F /* Base */ = {isa = PBXFileReference; lastKnownFileType = file.storyboard; name = Base; path = Base.lproj/LaunchScreen.storyboard; sourceTree = "<group>"; };
		94296CD71FC0893300A9CF2F /* Info.plist */ = {isa = PBXFileReference; lastKnownFileType = text.plist.xml; path = Info.plist; sourceTree = "<group>"; };
		94296CD81FC0893300A9CF2F /* main.m */ = {isa = PBXFileReference; lastKnownFileType = sourcecode.c.objc; path = main.m; sourceTree = "<group>"; };
		94296CE01FC0899200A9CF2F /* VDSImageViewerAnimations.h */ = {isa = PBXFileReference; fileEncoding = 4; lastKnownFileType = sourcecode.c.h; path = VDSImageViewerAnimations.h; sourceTree = "<group>"; };
		94296CE11FC0899200A9CF2F /* VDSImageViewerAnimations.m */ = {isa = PBXFileReference; fileEncoding = 4; lastKnownFileType = sourcecode.c.objc; path = VDSImageViewerAnimations.m; sourceTree = "<group>"; };
		94296CE21FC0899200A9CF2F /* VDSContentViewController.m */ = {isa = PBXFileReference; fileEncoding = 4; lastKnownFileType = sourcecode.c.objc; path = VDSContentViewController.m; sourceTree = "<group>"; };
		94296CE31FC0899200A9CF2F /* VDSContentViewController.h */ = {isa = PBXFileReference; fileEncoding = 4; lastKnownFileType = sourcecode.c.h; path = VDSContentViewController.h; sourceTree = "<group>"; };
		94296CE61FC08AC800A9CF2F /* DemoTableViewCell.h */ = {isa = PBXFileReference; lastKnownFileType = sourcecode.c.h; path = DemoTableViewCell.h; sourceTree = "<group>"; };
		94296CE71FC08AC800A9CF2F /* DemoTableViewCell.m */ = {isa = PBXFileReference; lastKnownFileType = sourcecode.c.objc; path = DemoTableViewCell.m; sourceTree = "<group>"; };
/* End PBXFileReference section */

/* Begin PBXFrameworksBuildPhase section */
		94296CC31FC0893300A9CF2F /* Frameworks */ = {
			isa = PBXFrameworksBuildPhase;
			buildActionMask = 2147483647;
			files = (
			);
			runOnlyForDeploymentPostprocessing = 0;
		};
/* End PBXFrameworksBuildPhase section */

/* Begin PBXGroup section */
		94296CBD1FC0893300A9CF2F = {
			isa = PBXGroup;
			children = (
				94296CC81FC0893300A9CF2F /* VDSImageViewer */,
				94296CC71FC0893300A9CF2F /* Products */,
			);
			sourceTree = "<group>";
		};
		94296CC71FC0893300A9CF2F /* Products */ = {
			isa = PBXGroup;
			children = (
				94296CC61FC0893300A9CF2F /* VDSImageViewer.app */,
			);
			name = Products;
			sourceTree = "<group>";
		};
		94296CC81FC0893300A9CF2F /* VDSImageViewer */ = {
			isa = PBXGroup;
			children = (
				94296CDF1FC0895200A9CF2F /* Main Files */,
				94296CC91FC0893300A9CF2F /* AppDelegate.h */,
				94296CCA1FC0893300A9CF2F /* AppDelegate.m */,
				94296CCC1FC0893300A9CF2F /* ViewController.h */,
				94296CE61FC08AC800A9CF2F /* DemoTableViewCell.h */,
				94296CE71FC08AC800A9CF2F /* DemoTableViewCell.m */,
				94296CCD1FC0893300A9CF2F /* ViewController.m */,
				94296CCF1FC0893300A9CF2F /* Main.storyboard */,
				94296CD21FC0893300A9CF2F /* Assets.xcassets */,
				94296CD41FC0893300A9CF2F /* LaunchScreen.storyboard */,
				94296CD71FC0893300A9CF2F /* Info.plist */,
				94296CD81FC0893300A9CF2F /* main.m */,
			);
			path = VDSImageViewer;
			sourceTree = "<group>";
		};
		94296CDF1FC0895200A9CF2F /* Main Files */ = {
			isa = PBXGroup;
			children = (
				94296CE31FC0899200A9CF2F /* VDSContentViewController.h */,
				94296CE21FC0899200A9CF2F /* VDSContentViewController.m */,
				94296CE01FC0899200A9CF2F /* VDSImageViewerAnimations.h */,
				94296CE11FC0899200A9CF2F /* VDSImageViewerAnimations.m */,
			);
			path = "Main Files";
			sourceTree = "<group>";
		};
/* End PBXGroup section */

/* Begin PBXNativeTarget section */
		94296CC51FC0893300A9CF2F /* VDSImageViewer */ = {
			isa = PBXNativeTarget;
			buildConfigurationList = 94296CDC1FC0893300A9CF2F /* Build configuration list for PBXNativeTarget "VDSImageViewer" */;
			buildPhases = (
				94296CC21FC0893300A9CF2F /* Sources */,
				94296CC31FC0893300A9CF2F /* Frameworks */,
				94296CC41FC0893300A9CF2F /* Resources */,
			);
			buildRules = (
			);
			dependencies = (
			);
			name = VDSImageViewer;
			productName = VDSImageViewer;
			productReference = 94296CC61FC0893300A9CF2F /* VDSImageViewer.app */;
			productType = "com.apple.product-type.application";
		};
/* End PBXNativeTarget section */

/* Begin PBXProject section */
		94296CBE1FC0893300A9CF2F /* Project object */ = {
			isa = PBXProject;
			attributes = {
				LastUpgradeCheck = 0910;
				ORGANIZATIONNAME = "Vimal Das";
				TargetAttributes = {
					94296CC51FC0893300A9CF2F = {
						CreatedOnToolsVersion = 9.1;
						ProvisioningStyle = Automatic;
					};
				};
			};
			buildConfigurationList = 94296CC11FC0893300A9CF2F /* Build configuration list for PBXProject "VDSImageViewer" */;
			compatibilityVersion = "Xcode 8.0";
			developmentRegion = en;
			hasScannedForEncodings = 0;
			knownRegions = (
				en,
				Base,
			);
			mainGroup = 94296CBD1FC0893300A9CF2F;
			productRefGroup = 94296CC71FC0893300A9CF2F /* Products */;
			projectDirPath = "";
			projectRoot = "";
			targets = (
				94296CC51FC0893300A9CF2F /* VDSImageViewer */,
			);
		};
/* End PBXProject section */

/* Begin PBXResourcesBuildPhase section */
		94296CC41FC0893300A9CF2F /* Resources */ = {
			isa = PBXResourcesBuildPhase;
			buildActionMask = 2147483647;
			files = (
				94296CD61FC0893300A9CF2F /* LaunchScreen.storyboard in Resources */,
				94296CD31FC0893300A9CF2F /* Assets.xcassets in Resources */,
				94296CD11FC0893300A9CF2F /* Main.storyboard in Resources */,
			);
			runOnlyForDeploymentPostprocessing = 0;
		};
/* End PBXResourcesBuildPhase section */

/* Begin PBXSourcesBuildPhase section */
		94296CC21FC0893300A9CF2F /* Sources */ = {
			isa = PBXSourcesBuildPhase;
			buildActionMask = 2147483647;
			files = (
				94296CE51FC0899200A9CF2F /* VDSContentViewController.m in Sources */,
				94296CCE1FC0893300A9CF2F /* ViewController.m in Sources */,
				94296CE81FC08AC800A9CF2F /* DemoTableViewCell.m in Sources */,
				94296CD91FC0893300A9CF2F /* main.m in Sources */,
				94296CE41FC0899200A9CF2F /* VDSImageViewerAnimations.m in Sources */,
				94296CCB1FC0893300A9CF2F /* AppDelegate.m in Sources */,
			);
			runOnlyForDeploymentPostprocessing = 0;
		};
/* End PBXSourcesBuildPhase section */

/* Begin PBXVariantGroup section */
		94296CCF1FC0893300A9CF2F /* Main.storyboard */ = {
			isa = PBXVariantGroup;
			children = (
				94296CD01FC0893300A9CF2F /* Base */,
			);
			name = Main.storyboard;
			sourceTree = "<group>";
		};
		94296CD41FC0893300A9CF2F /* LaunchScreen.storyboard */ = {
			isa = PBXVariantGroup;
			children = (
				94296CD51FC0893300A9CF2F /* Base */,
			);
			name = LaunchScreen.storyboard;
			sourceTree = "<group>";
		};
/* End PBXVariantGroup section */

/* Begin XCBuildConfiguration section */
		94296CDA1FC0893300A9CF2F /* Debug */ = {
			isa = XCBuildConfiguration;
			buildSettings = {
				ALWAYS_SEARCH_USER_PATHS = NO;
				CLANG_ANALYZER_NONNULL = YES;
				CLANG_ANALYZER_NUMBER_OBJECT_CONVERSION = YES_AGGRESSIVE;
				CLANG_CXX_LANGUAGE_STANDARD = "gnu++14";
				CLANG_CXX_LIBRARY = "libc++";
				CLANG_ENABLE_MODULES = YES;
				CLANG_ENABLE_OBJC_ARC = YES;
				CLANG_WARN_BLOCK_CAPTURE_AUTORELEASING = YES;
				CLANG_WARN_BOOL_CONVERSION = YES;
				CLANG_WARN_COMMA = YES;
				CLANG_WARN_CONSTANT_CONVERSION = YES;
				CLANG_WARN_DIRECT_OBJC_ISA_USAGE = YES_ERROR;
				CLANG_WARN_DOCUMENTATION_COMMENTS = YES;
				CLANG_WARN_EMPTY_BODY = YES;
				CLANG_WARN_ENUM_CONVERSION = YES;
				CLANG_WARN_INFINITE_RECURSION = YES;
				CLANG_WARN_INT_CONVERSION = YES;
				CLANG_WARN_NON_LITERAL_NULL_CONVERSION = YES;
				CLANG_WARN_OBJC_LITERAL_CONVERSION = YES;
				CLANG_WARN_OBJC_ROOT_CLASS = YES_ERROR;
				CLANG_WARN_RANGE_LOOP_ANALYSIS = YES;
				CLANG_WARN_STRICT_PROTOTYPES = YES;
				CLANG_WARN_SUSPICIOUS_MOVE = YES;
				CLANG_WARN_UNGUARDED_AVAILABILITY = YES_AGGRESSIVE;
				CLANG_WARN_UNREACHABLE_CODE = YES;
				CLANG_WARN__DUPLICATE_METHOD_MATCH = YES;
				CODE_SIGN_IDENTITY = "iPhone Developer";
				COPY_PHASE_STRIP = NO;
				DEBUG_INFORMATION_FORMAT = dwarf;
				ENABLE_STRICT_OBJC_MSGSEND = YES;
				ENABLE_TESTABILITY = YES;
				GCC_C_LANGUAGE_STANDARD = gnu11;
				GCC_DYNAMIC_NO_PIC = NO;
				GCC_NO_COMMON_BLOCKS = YES;
				GCC_OPTIMIZATION_LEVEL = 0;
				GCC_PREPROCESSOR_DEFINITIONS = (
					"DEBUG=1",
					"$(inherited)",
				);
				GCC_WARN_64_TO_32_BIT_CONVERSION = YES;
				GCC_WARN_ABOUT_RETURN_TYPE = YES_ERROR;
				GCC_WARN_UNDECLARED_SELECTOR = YES;
				GCC_WARN_UNINITIALIZED_AUTOS = YES_AGGRESSIVE;
				GCC_WARN_UNUSED_FUNCTION = YES;
				GCC_WARN_UNUSED_VARIABLE = YES;
				IPHONEOS_DEPLOYMENT_TARGET = 11.1;
				MTL_ENABLE_DEBUG_INFO = YES;
				ONLY_ACTIVE_ARCH = YES;
				SDKROOT = iphoneos;
			};
			name = Debug;
		};
		94296CDB1FC0893300A9CF2F /* Release */ = {
			isa = XCBuildConfiguration;
			buildSettings = {
				ALWAYS_SEARCH_USER_PATHS = NO;
				CLANG_ANALYZER_NONNULL = YES;
				CLANG_ANALYZER_NUMBER_OBJECT_CONVERSION = YES_AGGRESSIVE;
				CLANG_CXX_LANGUAGE_STANDARD = "gnu++14";
				CLANG_CXX_LIBRARY = "libc++";
				CLANG_ENABLE_MODULES = YES;
				CLANG_ENABLE_OBJC_ARC = YES;
				CLANG_WARN_BLOCK_CAPTURE_AUTORELEASING = YES;
				CLANG_WARN_BOOL_CONVERSION = YES;
				CLANG_WARN_COMMA = YES;
				CLANG_WARN_CONSTANT_CONVERSION = YES;
				CLANG_WARN_DIRECT_OBJC_ISA_USAGE = YES_ERROR;
				CLANG_WARN_DOCUMENTATION_COMMENTS = YES;
				CLANG_WARN_EMPTY_BODY = YES;
				CLANG_WARN_ENUM_CONVERSION = YES;
				CLANG_WARN_INFINITE_RECURSION = YES;
				CLANG_WARN_INT_CONVERSION = YES;
				CLANG_WARN_NON_LITERAL_NULL_CONVERSION = YES;
				CLANG_WARN_OBJC_LITERAL_CONVERSION = YES;
				CLANG_WARN_OBJC_ROOT_CLASS = YES_ERROR;
				CLANG_WARN_RANGE_LOOP_ANALYSIS = YES;
				CLANG_WARN_STRICT_PROTOTYPES = YES;
				CLANG_WARN_SUSPICIOUS_MOVE = YES;
				CLANG_WARN_UNGUARDED_AVAILABILITY = YES_AGGRESSIVE;
				CLANG_WARN_UNREACHABLE_CODE = YES;
				CLANG_WARN__DUPLICATE_METHOD_MATCH = YES;
				CODE_SIGN_IDENTITY = "iPhone Developer";
				COPY_PHASE_STRIP = NO;
				DEBUG_INFORMATION_FORMAT = "dwarf-with-dsym";
				ENABLE_NS_ASSERTIONS = NO;
				ENABLE_STRICT_OBJC_MSGSEND = YES;
				GCC_C_LANGUAGE_STANDARD = gnu11;
				GCC_NO_COMMON_BLOCKS = YES;
				GCC_WARN_64_TO_32_BIT_CONVERSION = YES;
				GCC_WARN_ABOUT_RETURN_TYPE = YES_ERROR;
				GCC_WARN_UNDECLARED_SELECTOR = YES;
				GCC_WARN_UNINITIALIZED_AUTOS = YES_AGGRESSIVE;
				GCC_WARN_UNUSED_FUNCTION = YES;
				GCC_WARN_UNUSED_VARIABLE = YES;
				IPHONEOS_DEPLOYMENT_TARGET = 11.1;
				MTL_ENABLE_DEBUG_INFO = NO;
				SDKROOT = iphoneos;
				VALIDATE_PRODUCT = YES;
			};
			name = Release;
		};
		94296CDD1FC0893300A9CF2F /* Debug */ = {
			isa = XCBuildConfiguration;
			buildSettings = {
				ASSETCATALOG_COMPILER_APPICON_NAME = AppIcon;
				CODE_SIGN_STYLE = Automatic;
				DEVELOPMENT_TEAM = 9E26H623J7;
				INFOPLIST_FILE = VDSImageViewer/Info.plist;
				LD_RUNPATH_SEARCH_PATHS = "$(inherited) @executable_path/Frameworks";
				PRODUCT_BUNDLE_IDENTIFIER = vimal.VDSImageViewer;
				PRODUCT_NAME = "$(TARGET_NAME)";
				TARGETED_DEVICE_FAMILY = "1,2";
			};
			name = Debug;
		};
		94296CDE1FC0893300A9CF2F /* Release */ = {
			isa = XCBuildConfiguration;
			buildSettings = {
				ASSETCATALOG_COMPILER_APPICON_NAME = AppIcon;
				CODE_SIGN_STYLE = Automatic;
				DEVELOPMENT_TEAM = 9E26H623J7;
				INFOPLIST_FILE = VDSImageViewer/Info.plist;
				LD_RUNPATH_SEARCH_PATHS = "$(inherited) @executable_path/Frameworks";
				PRODUCT_BUNDLE_IDENTIFIER = vimal.VDSImageViewer;
				PRODUCT_NAME = "$(TARGET_NAME)";
				TARGETED_DEVICE_FAMILY = "1,2";
			};
			name = Release;
		};
/* End XCBuildConfiguration section */

/* Begin XCConfigurationList section */
		94296CC11FC0893300A9CF2F /* Build configuration list for PBXProject "VDSImageViewer" */ = {
			isa = XCConfigurationList;
			buildConfigurations = (
				94296CDA1FC0893300A9CF2F /* Debug */,
				94296CDB1FC0893300A9CF2F /* Release */,
			);
			defaultConfigurationIsVisible = 0;
			defaultConfigurationName = Release;
		};
		94296CDC1FC0893300A9CF2F /* Build configuration list for PBXNativeTarget "VDSImageViewer" */ = {
			isa = XCConfigurationList;
			buildConfigurations = (
				94296CDD1FC0893300A9CF2F /* Debug */,
				94296CDE1FC0893300A9CF2F /* Release */,
			);
			defaultConfigurationIsVisible = 0;
			defaultConfigurationName = Release;
		};
/* End XCConfigurationList section */
	};
	rootObject = 94296CBE1FC0893300A9CF2F /* Project object */;
}
